// !$*UTF8*$!
{
	archiveVersion = 1;
	classes = {
	};
	objectVersion = 70;
	objects = {

/* Begin PBXBuildFile section */
		4113B6712B6DF9EA0017B18A /* HomeViewOld.swift in Sources */ = {isa = PBXBuildFile; fileRef = 4113B6702B6DF9EA0017B18A /* HomeViewOld.swift */; };
		4113B6732B6DFB210017B18A /* ProductViewOld.swift in Sources */ = {isa = PBXBuildFile; fileRef = 4113B6722B6DFB210017B18A /* ProductViewOld.swift */; };
		4113B6752B6DFB3E0017B18A /* ProductDetailViewOld.swift in Sources */ = {isa = PBXBuildFile; fileRef = 4113B6742B6DFB3E0017B18A /* ProductDetailViewOld.swift */; };
		4113B67A2B6E00210017B18A /* ProductDataModel.swift in Sources */ = {isa = PBXBuildFile; fileRef = 4113B6792B6E00210017B18A /* ProductDataModel.swift */; };
		4113B67C2B6E002A0017B18A /* UserData.swift in Sources */ = {isa = PBXBuildFile; fileRef = 4113B67B2B6E002A0017B18A /* UserData.swift */; };
		4113B67E2B6E00330017B18A /* CartDataModel.swift in Sources */ = {isa = PBXBuildFile; fileRef = 4113B67D2B6E00330017B18A /* CartDataModel.swift */; };
		4113B6812B6E00B50017B18A /* ProductController.swift in Sources */ = {isa = PBXBuildFile; fileRef = 4113B6802B6E00B50017B18A /* ProductController.swift */; };
		4113B6832B6E00BF0017B18A /* UserController.swift in Sources */ = {isa = PBXBuildFile; fileRef = 4113B6822B6E00BF0017B18A /* UserController.swift */; };
		4113B6852B6E00CA0017B18A /* CartController.swift in Sources */ = {isa = PBXBuildFile; fileRef = 4113B6842B6E00CA0017B18A /* CartController.swift */; };
		4113B6872B6E00FB0017B18A /* ProductListView.swift in Sources */ = {isa = PBXBuildFile; fileRef = 4113B6862B6E00FB0017B18A /* ProductListView.swift */; };
		4113B6892B6E16D70017B18A /* TopNavigation.swift in Sources */ = {isa = PBXBuildFile; fileRef = 4113B6882B6E16D70017B18A /* TopNavigation.swift */; };
		4113B68B2B6E17960017B18A /* CartViewOld.swift in Sources */ = {isa = PBXBuildFile; fileRef = 4113B68A2B6E17960017B18A /* CartViewOld.swift */; };
		4113B68D2B6E25AD0017B18A /* CategoryListHV.swift in Sources */ = {isa = PBXBuildFile; fileRef = 4113B68C2B6E25AD0017B18A /* CategoryListHV.swift */; };
		4113B6902B6F31160017B18A /* CategoryDataModel.swift in Sources */ = {isa = PBXBuildFile; fileRef = 4113B68F2B6F31160017B18A /* CategoryDataModel.swift */; };
		4113B6922B6F46AF0017B18A /* SideMenu.swift in Sources */ = {isa = PBXBuildFile; fileRef = 4113B6912B6F46AF0017B18A /* SideMenu.swift */; };
		414512D32B79A43C00636265 /* PaymentView.swift in Sources */ = {isa = PBXBuildFile; fileRef = 414512D22B79A43C00636265 /* PaymentView.swift */; };
		414512D52B79A65800636265 /* AccountViewOld.swift in Sources */ = {isa = PBXBuildFile; fileRef = 414512D42B79A65800636265 /* AccountViewOld.swift */; };
		4147EA412F1B321E0038E599 /* RecommendedMiniItem.swift in Sources */ = {isa = PBXBuildFile; fileRef = 4147EA402F1B321D0038E599 /* RecommendedMiniItem.swift */; };
		4147EA432F1B35520038E599 /* CartModels.swift in Sources */ = {isa = PBXBuildFile; fileRef = 4147EA422F1B35450038E599 /* CartModels.swift */; };
		4154FD452B6C6E62009DD06F /* IboxApp.swift in Sources */ = {isa = PBXBuildFile; fileRef = 4154FD442B6C6E62009DD06F /* IboxApp.swift */; };
		4154FD472B6C6E62009DD06F /* ContentView.swift in Sources */ = {isa = PBXBuildFile; fileRef = 4154FD462B6C6E62009DD06F /* ContentView.swift */; };
		4154FD492B6C6E64009DD06F /* Assets.xcassets in Resources */ = {isa = PBXBuildFile; fileRef = 4154FD482B6C6E64009DD06F /* Assets.xcassets */; };
		4154FD4C2B6C6E64009DD06F /* Preview Assets.xcassets in Resources */ = {isa = PBXBuildFile; fileRef = 4154FD4B2B6C6E64009DD06F /* Preview Assets.xcassets */; };
		41779C2A2EFDF94300AF9E39 /* AuthFormState.swift in Sources */ = {isa = PBXBuildFile; fileRef = 41779C292EFDF93B00AF9E39 /* AuthFormState.swift */; };
		41C353D82F0FFE7400BC6EB5 /* ProductItem.swift in Sources */ = {isa = PBXBuildFile; fileRef = 41C353D62F0FFE6E00BC6EB5 /* ProductItem.swift */; };
		41C354052F13D68E00BC6EB5 /* SideMenuItem.swift in Sources */ = {isa = PBXBuildFile; fileRef = 41C354042F13D68B00BC6EB5 /* SideMenuItem.swift */; };
		41C354082F13D72400BC6EB5 /* SideMenuViewModel.swift in Sources */ = {isa = PBXBuildFile; fileRef = 41C354062F13D72000BC6EB5 /* SideMenuViewModel.swift */; };
		41C354102F15365C00BC6EB5 /* ProductDetailModels.swift in Sources */ = {isa = PBXBuildFile; fileRef = 41C3540F2F15362C00BC6EB5 /* ProductDetailModels.swift */; };
		41C354212F169B9200BC6EB5 /* SliderImage.swift in Sources */ = {isa = PBXBuildFile; fileRef = 41C354202F169B8D00BC6EB5 /* SliderImage.swift */; };
		41D3ADEC2B6FF0FB0066F72E /* back.swift in Sources */ = {isa = PBXBuildFile; fileRef = 41D3ADEB2B6FF0FB0066F72E /* back.swift */; };
		41D3ADEE2B7069F40066F72E /* WislishViewOld.swift in Sources */ = {isa = PBXBuildFile; fileRef = 41D3ADED2B7069F40066F72E /* WislishViewOld.swift */; };
		41D3ADF02B706A5B0066F72E /* LoginView.swift in Sources */ = {isa = PBXBuildFile; fileRef = 41D3ADEF2B706A5B0066F72E /* LoginView.swift */; };
		41D3ADF22B706A8B0066F72E /* RegisterView.swift in Sources */ = {isa = PBXBuildFile; fileRef = 41D3ADF12B706A8B0066F72E /* RegisterView.swift */; };
		41D3ADF42B706AAE0066F72E /* SettingsView.swift in Sources */ = {isa = PBXBuildFile; fileRef = 41D3ADF32B706AAE0066F72E /* SettingsView.swift */; };
		41D3ADF62B706AFD0066F72E /* NewsView.swift in Sources */ = {isa = PBXBuildFile; fileRef = 41D3ADF52B706AFD0066F72E /* NewsView.swift */; };
		41DDB8532EF1AFA400B4E91E /* OnboardingItem.swift in Sources */ = {isa = PBXBuildFile; fileRef = 41DDB8522EF1AF9E00B4E91E /* OnboardingItem.swift */; };
		41DDB8672EF75E4400B4E91E /* ForgotPasswordView.swift in Sources */ = {isa = PBXBuildFile; fileRef = 41DDB8662EF75E3300B4E91E /* ForgotPasswordView.swift */; };
		41F08FCA2F08D12C001BBF10 /* RegisterSuccessView.swift in Sources */ = {isa = PBXBuildFile; fileRef = 41F08FC92F08D123001BBF10 /* RegisterSuccessView.swift */; };
		41F08FCC2F0963CF001BBF10 /* ForgotPasswordSuccessView.swift in Sources */ = {isa = PBXBuildFile; fileRef = 41F08FCB2F0963BF001BBF10 /* ForgotPasswordSuccessView.swift */; };
		41F08FD02F096E73001BBF10 /* HomeModels.swift in Sources */ = {isa = PBXBuildFile; fileRef = 41F08FCF2F096E6F001BBF10 /* HomeModels.swift */; };
/* End PBXBuildFile section */

/* Begin PBXFileReference section */
		41078A872EB3CBCC00E5274C /* README.md */ = {isa = PBXFileReference; lastKnownFileType = net.daringfireball.markdown; path = README.md; sourceTree = "<group>"; };
		4113B6702B6DF9EA0017B18A /* HomeViewOld.swift */ = {isa = PBXFileReference; lastKnownFileType = sourcecode.swift; path = HomeViewOld.swift; sourceTree = "<group>"; };
		4113B6722B6DFB210017B18A /* ProductViewOld.swift */ = {isa = PBXFileReference; lastKnownFileType = sourcecode.swift; path = ProductViewOld.swift; sourceTree = "<group>"; };
		4113B6742B6DFB3E0017B18A /* ProductDetailViewOld.swift */ = {isa = PBXFileReference; lastKnownFileType = sourcecode.swift; path = ProductDetailViewOld.swift; sourceTree = "<group>"; };
		4113B6792B6E00210017B18A /* ProductDataModel.swift */ = {isa = PBXFileReference; lastKnownFileType = sourcecode.swift; path = ProductDataModel.swift; sourceTree = "<group>"; };
		4113B67B2B6E002A0017B18A /* UserData.swift */ = {isa = PBXFileReference; lastKnownFileType = sourcecode.swift; path = UserData.swift; sourceTree = "<group>"; };
		4113B67D2B6E00330017B18A /* CartDataModel.swift */ = {isa = PBXFileReference; lastKnownFileType = sourcecode.swift; path = CartDataModel.swift; sourceTree = "<group>"; };
		4113B6802B6E00B50017B18A /* ProductController.swift */ = {isa = PBXFileReference; lastKnownFileType = sourcecode.swift; path = ProductController.swift; sourceTree = "<group>"; };
		4113B6822B6E00BF0017B18A /* UserController.swift */ = {isa = PBXFileReference; lastKnownFileType = sourcecode.swift; path = UserController.swift; sourceTree = "<group>"; };
		4113B6842B6E00CA0017B18A /* CartController.swift */ = {isa = PBXFileReference; lastKnownFileType = sourcecode.swift; path = CartController.swift; sourceTree = "<group>"; };
		4113B6862B6E00FB0017B18A /* ProductListView.swift */ = {isa = PBXFileReference; lastKnownFileType = sourcecode.swift; path = ProductListView.swift; sourceTree = "<group>"; };
		4113B6882B6E16D70017B18A /* TopNavigation.swift */ = {isa = PBXFileReference; lastKnownFileType = sourcecode.swift; path = TopNavigation.swift; sourceTree = "<group>"; };
		4113B68A2B6E17960017B18A /* CartViewOld.swift */ = {isa = PBXFileReference; lastKnownFileType = sourcecode.swift; path = CartViewOld.swift; sourceTree = "<group>"; };
		4113B68C2B6E25AD0017B18A /* CategoryListHV.swift */ = {isa = PBXFileReference; lastKnownFileType = sourcecode.swift; path = CategoryListHV.swift; sourceTree = "<group>"; };
		4113B68F2B6F31160017B18A /* CategoryDataModel.swift */ = {isa = PBXFileReference; lastKnownFileType = sourcecode.swift; path = CategoryDataModel.swift; sourceTree = "<group>"; };
		4113B6912B6F46AF0017B18A /* SideMenu.swift */ = {isa = PBXFileReference; lastKnownFileType = sourcecode.swift; path = SideMenu.swift; sourceTree = "<group>"; };
		414512D22B79A43C00636265 /* PaymentView.swift */ = {isa = PBXFileReference; lastKnownFileType = sourcecode.swift; path = PaymentView.swift; sourceTree = "<group>"; };
		414512D42B79A65800636265 /* AccountViewOld.swift */ = {isa = PBXFileReference; lastKnownFileType = sourcecode.swift; path = AccountViewOld.swift; sourceTree = "<group>"; };
		4147EA402F1B321D0038E599 /* RecommendedMiniItem.swift */ = {isa = PBXFileReference; lastKnownFileType = sourcecode.swift; path = RecommendedMiniItem.swift; sourceTree = "<group>"; };
		4147EA422F1B35450038E599 /* CartModels.swift */ = {isa = PBXFileReference; lastKnownFileType = sourcecode.swift; path = CartModels.swift; sourceTree = "<group>"; };
		4154FD412B6C6E62009DD06F /* Ibox.app */ = {isa = PBXFileReference; explicitFileType = wrapper.application; includeInIndex = 0; path = Ibox.app; sourceTree = BUILT_PRODUCTS_DIR; };
		4154FD442B6C6E62009DD06F /* IboxApp.swift */ = {isa = PBXFileReference; lastKnownFileType = sourcecode.swift; path = IboxApp.swift; sourceTree = "<group>"; };
		4154FD462B6C6E62009DD06F /* ContentView.swift */ = {isa = PBXFileReference; lastKnownFileType = sourcecode.swift; path = ContentView.swift; sourceTree = "<group>"; };
		4154FD482B6C6E64009DD06F /* Assets.xcassets */ = {isa = PBXFileReference; lastKnownFileType = folder.assetcatalog; path = Assets.xcassets; sourceTree = "<group>"; };
		4154FD4B2B6C6E64009DD06F /* Preview Assets.xcassets */ = {isa = PBXFileReference; lastKnownFileType = folder.assetcatalog; path = "Preview Assets.xcassets"; sourceTree = "<group>"; };
		41779C292EFDF93B00AF9E39 /* AuthFormState.swift */ = {isa = PBXFileReference; lastKnownFileType = sourcecode.swift; path = AuthFormState.swift; sourceTree = "<group>"; };
		41C353D62F0FFE6E00BC6EB5 /* ProductItem.swift */ = {isa = PBXFileReference; lastKnownFileType = sourcecode.swift; path = ProductItem.swift; sourceTree = "<group>"; };
		41C354042F13D68B00BC6EB5 /* SideMenuItem.swift */ = {isa = PBXFileReference; lastKnownFileType = sourcecode.swift; path = SideMenuItem.swift; sourceTree = "<group>"; };
		41C354062F13D72000BC6EB5 /* SideMenuViewModel.swift */ = {isa = PBXFileReference; lastKnownFileType = sourcecode.swift; path = SideMenuViewModel.swift; sourceTree = "<group>"; };
		41C3540F2F15362C00BC6EB5 /* ProductDetailModels.swift */ = {isa = PBXFileReference; lastKnownFileType = sourcecode.swift; path = ProductDetailModels.swift; sourceTree = "<group>"; };
		41C354202F169B8D00BC6EB5 /* SliderImage.swift */ = {isa = PBXFileReference; lastKnownFileType = sourcecode.swift; path = SliderImage.swift; sourceTree = "<group>"; };
		41D3ADEB2B6FF0FB0066F72E /* back.swift */ = {isa = PBXFileReference; lastKnownFileType = sourcecode.swift; path = back.swift; sourceTree = "<group>"; };
		41D3ADED2B7069F40066F72E /* WislishViewOld.swift */ = {isa = PBXFileReference; lastKnownFileType = sourcecode.swift; path = WislishViewOld.swift; sourceTree = "<group>"; };
		41D3ADEF2B706A5B0066F72E /* LoginView.swift */ = {isa = PBXFileReference; lastKnownFileType = sourcecode.swift; path = LoginView.swift; sourceTree = "<group>"; };
		41D3ADF12B706A8B0066F72E /* RegisterView.swift */ = {isa = PBXFileReference; lastKnownFileType = sourcecode.swift; path = RegisterView.swift; sourceTree = "<group>"; };
		41D3ADF32B706AAE0066F72E /* SettingsView.swift */ = {isa = PBXFileReference; lastKnownFileType = sourcecode.swift; path = SettingsView.swift; sourceTree = "<group>"; };
		41D3ADF52B706AFD0066F72E /* NewsView.swift */ = {isa = PBXFileReference; lastKnownFileType = sourcecode.swift; path = NewsView.swift; sourceTree = "<group>"; };
		41DDB8522EF1AF9E00B4E91E /* OnboardingItem.swift */ = {isa = PBXFileReference; lastKnownFileType = sourcecode.swift; path = OnboardingItem.swift; sourceTree = "<group>"; };
		41DDB8662EF75E3300B4E91E /* ForgotPasswordView.swift */ = {isa = PBXFileReference; lastKnownFileType = sourcecode.swift; path = ForgotPasswordView.swift; sourceTree = "<group>"; };
		41F08FC92F08D123001BBF10 /* RegisterSuccessView.swift */ = {isa = PBXFileReference; lastKnownFileType = sourcecode.swift; path = RegisterSuccessView.swift; sourceTree = "<group>"; };
		41F08FCB2F0963BF001BBF10 /* ForgotPasswordSuccessView.swift */ = {isa = PBXFileReference; lastKnownFileType = sourcecode.swift; path = ForgotPasswordSuccessView.swift; sourceTree = "<group>"; };
		41F08FCF2F096E6F001BBF10 /* HomeModels.swift */ = {isa = PBXFileReference; lastKnownFileType = sourcecode.swift; path = HomeModels.swift; sourceTree = "<group>"; };
/* End PBXFileReference section */

/* Begin PBXFileSystemSynchronizedRootGroup section */
		4127E6862EF98F04004CB2A0 /* Components */ = {isa = PBXFileSystemSynchronizedRootGroup; explicitFileTypes = {}; explicitFolders = (); path = Components; sourceTree = "<group>"; };
		4147EA532F1D2F0F0038E599 /* ServiceSection */ = {isa = PBXFileSystemSynchronizedRootGroup; explicitFileTypes = {}; explicitFolders = (); path = ServiceSection; sourceTree = "<group>"; };
		41564B1D2F035C5D0033FE22 /* Route */ = {isa = PBXFileSystemSynchronizedRootGroup; explicitFileTypes = {}; explicitFolders = (); path = Route; sourceTree = "<group>"; };
		41564B292F0673580033FE22 /* AppFlow */ = {isa = PBXFileSystemSynchronizedRootGroup; explicitFileTypes = {}; explicitFolders = (); path = AppFlow; sourceTree = "<group>"; };
		41779C282EFDF92100AF9E39 /* Service */ = {isa = PBXFileSystemSynchronizedRootGroup; explicitFileTypes = {}; explicitFolders = (); path = Service; sourceTree = "<group>"; };
		41779C382EFF827E00AF9E39 /* HomeSection */ = {isa = PBXFileSystemSynchronizedRootGroup; explicitFileTypes = {}; explicitFolders = (); path = HomeSection; sourceTree = "<group>"; };
		41779C3C2EFF9DC500AF9E39 /* Helper */ = {isa = PBXFileSystemSynchronizedRootGroup; explicitFileTypes = {}; explicitFolders = (); path = Helper; sourceTree = "<group>"; };
		41DDB8512EF1AD4F00B4E91E /* OnBoarding */ = {isa = PBXFileSystemSynchronizedRootGroup; explicitFileTypes = {}; explicitFolders = (); path = OnBoarding; sourceTree = "<group>"; };
		41DDB8542EF1B71800B4E91E /* ViewModel */ = {isa = PBXFileSystemSynchronizedRootGroup; explicitFileTypes = {}; explicitFolders = (); path = ViewModel; sourceTree = "<group>"; };
/* End PBXFileSystemSynchronizedRootGroup section */

/* Begin PBXFrameworksBuildPhase section */
		4154FD3E2B6C6E62009DD06F /* Frameworks */ = {
			isa = PBXFrameworksBuildPhase;
			buildActionMask = 2147483647;
			files = (
			);
			runOnlyForDeploymentPostprocessing = 0;
		};
/* End PBXFrameworksBuildPhase section */

/* Begin PBXGroup section */
		4113B66F2B6DF9D80017B18A /* View */ = {
			isa = PBXGroup;
			children = (
				4147EA532F1D2F0F0038E599 /* ServiceSection */,
				41564B292F0673580033FE22 /* AppFlow */,
				4127E6862EF98F04004CB2A0 /* Components */,
				41DDB8512EF1AD4F00B4E91E /* OnBoarding */,
				41D3ADFA2B706B8F0066F72E /* Administrator */,
				41D3ADF92B706B6A0066F72E /* Template */,
				41D3ADF82B706B460066F72E /* UserActivity */,
				41779C382EFF827E00AF9E39 /* HomeSection */,
				41D3ADF72B706B110066F72E /* AuthSection */,
				4113B6702B6DF9EA0017B18A /* HomeViewOld.swift */,
				4113B6912B6F46AF0017B18A /* SideMenu.swift */,
				4113B6722B6DFB210017B18A /* ProductViewOld.swift */,
				41D3ADF32B706AAE0066F72E /* SettingsView.swift */,
				41D3ADF52B706AFD0066F72E /* NewsView.swift */,
				4113B6742B6DFB3E0017B18A /* ProductDetailViewOld.swift */,
			);
			path = View;
			sourceTree = "<group>";
		};
		4113B6762B6DFB4F0017B18A /* Model */ = {
			isa = PBXGroup;
			children = (
				4147EA422F1B35450038E599 /* CartModels.swift */,
				4147EA402F1B321D0038E599 /* RecommendedMiniItem.swift */,
				41C354202F169B8D00BC6EB5 /* SliderImage.swift */,
				41C3540F2F15362C00BC6EB5 /* ProductDetailModels.swift */,
				41C354042F13D68B00BC6EB5 /* SideMenuItem.swift */,
				41F08FCF2F096E6F001BBF10 /* HomeModels.swift */,
				41779C292EFDF93B00AF9E39 /* AuthFormState.swift */,
				41DDB8522EF1AF9E00B4E91E /* OnboardingItem.swift */,
				4113B6792B6E00210017B18A /* ProductDataModel.swift */,
				4113B67B2B6E002A0017B18A /* UserData.swift */,
				4113B68F2B6F31160017B18A /* CategoryDataModel.swift */,
				4113B67D2B6E00330017B18A /* CartDataModel.swift */,
				41C353D62F0FFE6E00BC6EB5 /* ProductItem.swift */,
			);
			path = Model;
			sourceTree = "<group>";
		};
		4113B67F2B6E00410017B18A /* Controller */ = {
			isa = PBXGroup;
			children = (
				4113B6802B6E00B50017B18A /* ProductController.swift */,
				4113B6842B6E00CA0017B18A /* CartController.swift */,
				4113B6822B6E00BF0017B18A /* UserController.swift */,
			);
			path = Controller;
			sourceTree = "<group>";
		};
		4154FD382B6C6E62009DD06F = {
			isa = PBXGroup;
			children = (
				41078A872EB3CBCC00E5274C /* README.md */,
				4154FD432B6C6E62009DD06F /* Ibox */,
				4154FD422B6C6E62009DD06F /* Products */,
			);
			sourceTree = "<group>";
		};
		4154FD422B6C6E62009DD06F /* Products */ = {
			isa = PBXGroup;
			children = (
				4154FD412B6C6E62009DD06F /* Ibox.app */,
			);
			name = Products;
			sourceTree = "<group>";
		};
		4154FD432B6C6E62009DD06F /* Ibox */ = {
			isa = PBXGroup;
			children = (
				41564B1D2F035C5D0033FE22 /* Route */,
				41779C3C2EFF9DC500AF9E39 /* Helper */,
				41779C282EFDF92100AF9E39 /* Service */,
				41DDB8542EF1B71800B4E91E /* ViewModel */,
				4154FD442B6C6E62009DD06F /* IboxApp.swift */,
				41C354062F13D72000BC6EB5 /* SideMenuViewModel.swift */,
				41D3ADEB2B6FF0FB0066F72E /* back.swift */,
				4154FD462B6C6E62009DD06F /* ContentView.swift */,
				4113B67F2B6E00410017B18A /* Controller */,
				4113B6762B6DFB4F0017B18A /* Model */,
				4113B66F2B6DF9D80017B18A /* View */,
				4154FD482B6C6E64009DD06F /* Assets.xcassets */,
				4154FD4A2B6C6E64009DD06F /* Preview Content */,
			);
			path = Ibox;
			sourceTree = "<group>";
		};
		4154FD4A2B6C6E64009DD06F /* Preview Content */ = {
			isa = PBXGroup;
			children = (
				4154FD4B2B6C6E64009DD06F /* Preview Assets.xcassets */,
			);
			path = "Preview Content";
			sourceTree = "<group>";
		};
		41D3ADF72B706B110066F72E /* AuthSection */ = {
			isa = PBXGroup;
			children = (
				41DDB8662EF75E3300B4E91E /* ForgotPasswordView.swift */,
				41F08FCB2F0963BF001BBF10 /* ForgotPasswordSuccessView.swift */,
				41D3ADEF2B706A5B0066F72E /* LoginView.swift */,
				41D3ADF12B706A8B0066F72E /* RegisterView.swift */,
				41F08FC92F08D123001BBF10 /* RegisterSuccessView.swift */,
			);
			path = AuthSection;
			sourceTree = "<group>";
		};
		41D3ADF82B706B460066F72E /* UserActivity */ = {
			isa = PBXGroup;
			children = (
				4113B68A2B6E17960017B18A /* CartViewOld.swift */,
				414512D22B79A43C00636265 /* PaymentView.swift */,
				414512D42B79A65800636265 /* AccountViewOld.swift */,
				41D3ADED2B7069F40066F72E /* WislishViewOld.swift */,
			);
			path = UserActivity;
			sourceTree = "<group>";
		};
		41D3ADF92B706B6A0066F72E /* Template */ = {
			isa = PBXGroup;
			children = (
				4113B6882B6E16D70017B18A /* TopNavigation.swift */,
				4113B68C2B6E25AD0017B18A /* CategoryListHV.swift */,
				4113B6862B6E00FB0017B18A /* ProductListView.swift */,
			);
			path = Template;
			sourceTree = "<group>";
		};
		41D3ADFA2B706B8F0066F72E /* Administrator */ = {
			isa = PBXGroup;
			children = (
			);
			path = Administrator;
			sourceTree = "<group>";
		};
/* End PBXGroup section */

/* Begin PBXNativeTarget section */
		4154FD402B6C6E62009DD06F /* Ibox */ = {
			isa = PBXNativeTarget;
			buildConfigurationList = 4154FD4F2B6C6E64009DD06F /* Build configuration list for PBXNativeTarget "Ibox" */;
			buildPhases = (
				4154FD3D2B6C6E62009DD06F /* Sources */,
				4154FD3E2B6C6E62009DD06F /* Frameworks */,
				4154FD3F2B6C6E62009DD06F /* Resources */,
			);
			buildRules = (
			);
			dependencies = (
			);
			fileSystemSynchronizedGroups = (
				4127E6862EF98F04004CB2A0 /* Components */,
				4147EA532F1D2F0F0038E599 /* ServiceSection */,
				41564B1D2F035C5D0033FE22 /* Route */,
				41564B292F0673580033FE22 /* AppFlow */,
				41779C282EFDF92100AF9E39 /* Service */,
				41779C382EFF827E00AF9E39 /* HomeSection */,
				41779C3C2EFF9DC500AF9E39 /* Helper */,
				41DDB8512EF1AD4F00B4E91E /* OnBoarding */,
				41DDB8542EF1B71800B4E91E /* ViewModel */,
			);
			name = Ibox;
			productName = Ibox;
			productReference = 4154FD412B6C6E62009DD06F /* Ibox.app */;
			productType = "com.apple.product-type.application";
		};
/* End PBXNativeTarget section */

/* Begin PBXProject section */
		4154FD392B6C6E62009DD06F /* Project object */ = {
			isa = PBXProject;
			attributes = {
				BuildIndependentTargetsInParallel = 1;
				LastSwiftUpdateCheck = 1520;
				LastUpgradeCheck = 1520;
				TargetAttributes = {
					4154FD402B6C6E62009DD06F = {
						CreatedOnToolsVersion = 15.2;
					};
				};
			};
			buildConfigurationList = 4154FD3C2B6C6E62009DD06F /* Build configuration list for PBXProject "Ibox" */;
			compatibilityVersion = "Xcode 14.0";
			developmentRegion = en;
			hasScannedForEncodings = 0;
			knownRegions = (
				en,
				Base,
			);
			mainGroup = 4154FD382B6C6E62009DD06F;
			productRefGroup = 4154FD422B6C6E62009DD06F /* Products */;
			projectDirPath = "";
			projectRoot = "";
			targets = (
				4154FD402B6C6E62009DD06F /* Ibox */,
			);
		};
/* End PBXProject section */

/* Begin PBXResourcesBuildPhase section */
		4154FD3F2B6C6E62009DD06F /* Resources */ = {
			isa = PBXResourcesBuildPhase;
			buildActionMask = 2147483647;
			files = (
				4154FD4C2B6C6E64009DD06F /* Preview Assets.xcassets in Resources */,
				4154FD492B6C6E64009DD06F /* Assets.xcassets in Resources */,
			);
			runOnlyForDeploymentPostprocessing = 0;
		};
/* End PBXResourcesBuildPhase section */

/* Begin PBXSourcesBuildPhase section */
		4154FD3D2B6C6E62009DD06F /* Sources */ = {
			isa = PBXSourcesBuildPhase;
			buildActionMask = 2147483647;
			files = (
				4113B6852B6E00CA0017B18A /* CartController.swift in Sources */,
				41779C2A2EFDF94300AF9E39 /* AuthFormState.swift in Sources */,
				4154FD472B6C6E62009DD06F /* ContentView.swift in Sources */,
				4113B6812B6E00B50017B18A /* ProductController.swift in Sources */,
				41D3ADF22B706A8B0066F72E /* RegisterView.swift in Sources */,
				41F08FCC2F0963CF001BBF10 /* ForgotPasswordSuccessView.swift in Sources */,
				4113B6832B6E00BF0017B18A /* UserController.swift in Sources */,
				41F08FD02F096E73001BBF10 /* HomeModels.swift in Sources */,
				41F08FCA2F08D12C001BBF10 /* RegisterSuccessView.swift in Sources */,
				41DDB8672EF75E4400B4E91E /* ForgotPasswordView.swift in Sources */,
				4113B6752B6DFB3E0017B18A /* ProductDetailViewOld.swift in Sources */,
				4147EA412F1B321E0038E599 /* RecommendedMiniItem.swift in Sources */,
				4147EA432F1B35520038E599 /* CartModels.swift in Sources */,
				4113B6732B6DFB210017B18A /* ProductViewOld.swift in Sources */,
				41D3ADEC2B6FF0FB0066F72E /* back.swift in Sources */,
				41D3ADEE2B7069F40066F72E /* WislishViewOld.swift in Sources */,
				41D3ADF02B706A5B0066F72E /* LoginView.swift in Sources */,
				41C353D82F0FFE7400BC6EB5 /* ProductItem.swift in Sources */,
				4113B6892B6E16D70017B18A /* TopNavigation.swift in Sources */,
				41C354082F13D72400BC6EB5 /* SideMenuViewModel.swift in Sources */,
				41C354102F15365C00BC6EB5 /* ProductDetailModels.swift in Sources */,
				41C354052F13D68E00BC6EB5 /* SideMenuItem.swift in Sources */,
				41C354212F169B9200BC6EB5 /* SliderImage.swift in Sources */,
				4113B6712B6DF9EA0017B18A /* HomeViewOld.swift in Sources */,
				4113B6922B6F46AF0017B18A /* SideMenu.swift in Sources */,
				414512D32B79A43C00636265 /* PaymentView.swift in Sources */,
				4113B68B2B6E17960017B18A /* CartViewOld.swift in Sources */,
				4154FD452B6C6E62009DD06F /* IboxApp.swift in Sources */,
				4113B67A2B6E00210017B18A /* ProductDataModel.swift in Sources */,
				4113B6872B6E00FB0017B18A /* ProductListView.swift in Sources */,
				4113B68D2B6E25AD0017B18A /* CategoryListHV.swift in Sources */,
				414512D52B79A65800636265 /* AccountViewOld.swift in Sources */,
				4113B6902B6F31160017B18A /* CategoryDataModel.swift in Sources */,
				4113B67C2B6E002A0017B18A /* UserData.swift in Sources */,
				41D3ADF62B706AFD0066F72E /* NewsView.swift in Sources */,
				41DDB8532EF1AFA400B4E91E /* OnboardingItem.swift in Sources */,
				41D3ADF42B706AAE0066F72E /* SettingsView.swift in Sources */,
				4113B67E2B6E00330017B18A /* CartDataModel.swift in Sources */,
			);
			runOnlyForDeploymentPostprocessing = 0;
		};
/* End PBXSourcesBuildPhase section */

/* Begin XCBuildConfiguration section */
		4154FD4D2B6C6E64009DD06F /* Debug */ = {
			isa = XCBuildConfiguration;
			buildSettings = {
				ALWAYS_SEARCH_USER_PATHS = NO;
				ASSETCATALOG_COMPILER_GENERATE_SWIFT_ASSET_SYMBOL_EXTENSIONS = YES;
				CLANG_ANALYZER_NONNULL = YES;
				CLANG_ANALYZER_NUMBER_OBJECT_CONVERSION = YES_AGGRESSIVE;
				CLANG_CXX_LANGUAGE_STANDARD = "gnu++20";
				CLANG_ENABLE_MODULES = YES;
				CLANG_ENABLE_OBJC_ARC = YES;
				CLANG_ENABLE_OBJC_WEAK = YES;
				CLANG_WARN_BLOCK_CAPTURE_AUTORELEASING = YES;
				CLANG_WARN_BOOL_CONVERSION = YES;
				CLANG_WARN_COMMA = YES;
				CLANG_WARN_CONSTANT_CONVERSION = YES;
				CLANG_WARN_DEPRECATED_OBJC_IMPLEMENTATIONS = YES;
				CLANG_WARN_DIRECT_OBJC_ISA_USAGE = YES_ERROR;
				CLANG_WARN_DOCUMENTATION_COMMENTS = YES;
				CLANG_WARN_EMPTY_BODY = YES;
				CLANG_WARN_ENUM_CONVERSION = YES;
				CLANG_WARN_INFINITE_RECURSION = YES;
				CLANG_WARN_INT_CONVERSION = YES;
				CLANG_WARN_NON_LITERAL_NULL_CONVERSION = YES;
				CLANG_WARN_OBJC_IMPLICIT_RETAIN_SELF = YES;
				CLANG_WARN_OBJC_LITERAL_CONVERSION = YES;
				CLANG_WARN_OBJC_ROOT_CLASS = YES_ERROR;
				CLANG_WARN_QUOTED_INCLUDE_IN_FRAMEWORK_HEADER = YES;
				CLANG_WARN_RANGE_LOOP_ANALYSIS = YES;
				CLANG_WARN_STRICT_PROTOTYPES = YES;
				CLANG_WARN_SUSPICIOUS_MOVE = YES;
				CLANG_WARN_UNGUARDED_AVAILABILITY = YES_AGGRESSIVE;
				CLANG_WARN_UNREACHABLE_CODE = YES;
				CLANG_WARN__DUPLICATE_METHOD_MATCH = YES;
				COPY_PHASE_STRIP = NO;
				DEBUG_INFORMATION_FORMAT = dwarf;
				ENABLE_STRICT_OBJC_MSGSEND = YES;
				ENABLE_TESTABILITY = YES;
				ENABLE_USER_SCRIPT_SANDBOXING = YES;
				GCC_C_LANGUAGE_STANDARD = gnu17;
				GCC_DYNAMIC_NO_PIC = NO;
				GCC_NO_COMMON_BLOCKS = YES;
				GCC_OPTIMIZATION_LEVEL = 0;
				GCC_PREPROCESSOR_DEFINITIONS = (
					"DEBUG=1",
					"$(inherited)",
				);
				GCC_WARN_64_TO_32_BIT_CONVERSION = YES;
				GCC_WARN_ABOUT_RETURN_TYPE = YES_ERROR;
				GCC_WARN_UNDECLARED_SELECTOR = YES;
				GCC_WARN_UNINITIALIZED_AUTOS = YES_AGGRESSIVE;
				GCC_WARN_UNUSED_FUNCTION = YES;
				GCC_WARN_UNUSED_VARIABLE = YES;
				IPHONEOS_DEPLOYMENT_TARGET = 17.2;
				LOCALIZATION_PREFERS_STRING_CATALOGS = YES;
				MTL_ENABLE_DEBUG_INFO = INCLUDE_SOURCE;
				MTL_FAST_MATH = YES;
				ONLY_ACTIVE_ARCH = YES;
				SDKROOT = iphoneos;
				SWIFT_ACTIVE_COMPILATION_CONDITIONS = "DEBUG $(inherited)";
				SWIFT_OPTIMIZATION_LEVEL = "-Onone";
			};
			name = Debug;
		};
		4154FD4E2B6C6E64009DD06F /* Release */ = {
			isa = XCBuildConfiguration;
			buildSettings = {
				ALWAYS_SEARCH_USER_PATHS = NO;
				ASSETCATALOG_COMPILER_GENERATE_SWIFT_ASSET_SYMBOL_EXTENSIONS = YES;
				CLANG_ANALYZER_NONNULL = YES;
				CLANG_ANALYZER_NUMBER_OBJECT_CONVERSION = YES_AGGRESSIVE;
				CLANG_CXX_LANGUAGE_STANDARD = "gnu++20";
				CLANG_ENABLE_MODULES = YES;
				CLANG_ENABLE_OBJC_ARC = YES;
				CLANG_ENABLE_OBJC_WEAK = YES;
				CLANG_WARN_BLOCK_CAPTURE_AUTORELEASING = YES;
				CLANG_WARN_BOOL_CONVERSION = YES;
				CLANG_WARN_COMMA = YES;
				CLANG_WARN_CONSTANT_CONVERSION = YES;
				CLANG_WARN_DEPRECATED_OBJC_IMPLEMENTATIONS = YES;
				CLANG_WARN_DIRECT_OBJC_ISA_USAGE = YES_ERROR;
				CLANG_WARN_DOCUMENTATION_COMMENTS = YES;
				CLANG_WARN_EMPTY_BODY = YES;
				CLANG_WARN_ENUM_CONVERSION = YES;
				CLANG_WARN_INFINITE_RECURSION = YES;
				CLANG_WARN_INT_CONVERSION = YES;
				CLANG_WARN_NON_LITERAL_NULL_CONVERSION = YES;
				CLANG_WARN_OBJC_IMPLICIT_RETAIN_SELF = YES;
				CLANG_WARN_OBJC_LITERAL_CONVERSION = YES;
				CLANG_WARN_OBJC_ROOT_CLASS = YES_ERROR;
				CLANG_WARN_QUOTED_INCLUDE_IN_FRAMEWORK_HEADER = YES;
				CLANG_WARN_RANGE_LOOP_ANALYSIS = YES;
				CLANG_WARN_STRICT_PROTOTYPES = YES;
				CLANG_WARN_SUSPICIOUS_MOVE = YES;
				CLANG_WARN_UNGUARDED_AVAILABILITY = YES_AGGRESSIVE;
				CLANG_WARN_UNREACHABLE_CODE = YES;
				CLANG_WARN__DUPLICATE_METHOD_MATCH = YES;
				COPY_PHASE_STRIP = NO;
				DEBUG_INFORMATION_FORMAT = "dwarf-with-dsym";
				ENABLE_NS_ASSERTIONS = NO;
				ENABLE_STRICT_OBJC_MSGSEND = YES;
				ENABLE_USER_SCRIPT_SANDBOXING = YES;
				GCC_C_LANGUAGE_STANDARD = gnu17;
				GCC_NO_COMMON_BLOCKS = YES;
				GCC_WARN_64_TO_32_BIT_CONVERSION = YES;
				GCC_WARN_ABOUT_RETURN_TYPE = YES_ERROR;
				GCC_WARN_UNDECLARED_SELECTOR = YES;
				GCC_WARN_UNINITIALIZED_AUTOS = YES_AGGRESSIVE;
				GCC_WARN_UNUSED_FUNCTION = YES;
				GCC_WARN_UNUSED_VARIABLE = YES;
				IPHONEOS_DEPLOYMENT_TARGET = 17.2;
				LOCALIZATION_PREFERS_STRING_CATALOGS = YES;
				MTL_ENABLE_DEBUG_INFO = NO;
				MTL_FAST_MATH = YES;
				SDKROOT = iphoneos;
				SWIFT_COMPILATION_MODE = wholemodule;
				VALIDATE_PRODUCT = YES;
			};
			name = Release;
		};
		4154FD502B6C6E64009DD06F /* Debug */ = {
			isa = XCBuildConfiguration;
			buildSettings = {
				ASSETCATALOG_COMPILER_APPICON_NAME = AppIcon;
				ASSETCATALOG_COMPILER_GLOBAL_ACCENT_COLOR_NAME = AccentColor;
				CODE_SIGN_STYLE = Automatic;
				CURRENT_PROJECT_VERSION = 1;
				DEVELOPMENT_ASSET_PATHS = "\"Ibox/Preview Content\"";
				DEVELOPMENT_TEAM = QAM977QT6U;
				ENABLE_PREVIEWS = YES;
				GENERATE_INFOPLIST_FILE = YES;
				INFOPLIST_KEY_UIApplicationSceneManifest_Generation = YES;
				INFOPLIST_KEY_UIApplicationSupportsIndirectInputEvents = YES;
				INFOPLIST_KEY_UILaunchScreen_Generation = YES;
				INFOPLIST_KEY_UISupportedInterfaceOrientations_iPad = "UIInterfaceOrientationPortrait UIInterfaceOrientationPortraitUpsideDown UIInterfaceOrientationLandscapeLeft UIInterfaceOrientationLandscapeRight";
				INFOPLIST_KEY_UISupportedInterfaceOrientations_iPhone = "UIInterfaceOrientationPortrait UIInterfaceOrientationLandscapeLeft UIInterfaceOrientationLandscapeRight";
				LD_RUNPATH_SEARCH_PATHS = (
					"$(inherited)",
					"@executable_path/Frameworks",
				);
				MARKETING_VERSION = 1.0;
				PRODUCT_BUNDLE_IDENTIFIER = "Pratama-Center.Ibox";
				PRODUCT_NAME = "$(TARGET_NAME)";
				SWIFT_EMIT_LOC_STRINGS = YES;
				SWIFT_VERSION = 5.0;
				TARGETED_DEVICE_FAMILY = "1,2";
			};
			name = Debug;
		};
		4154FD512B6C6E64009DD06F /* Release */ = {
			isa = XCBuildConfiguration;
			buildSettings = {
				ASSETCATALOG_COMPILER_APPICON_NAME = AppIcon;
				ASSETCATALOG_COMPILER_GLOBAL_ACCENT_COLOR_NAME = AccentColor;
				CODE_SIGN_STYLE = Automatic;
				CURRENT_PROJECT_VERSION = 1;
				DEVELOPMENT_ASSET_PATHS = "\"Ibox/Preview Content\"";
				DEVELOPMENT_TEAM = QAM977QT6U;
				ENABLE_PREVIEWS = YES;
				GENERATE_INFOPLIST_FILE = YES;
				INFOPLIST_KEY_UIApplicationSceneManifest_Generation = YES;
				INFOPLIST_KEY_UIApplicationSupportsIndirectInputEvents = YES;
				INFOPLIST_KEY_UILaunchScreen_Generation = YES;
				INFOPLIST_KEY_UISupportedInterfaceOrientations_iPad = "UIInterfaceOrientationPortrait UIInterfaceOrientationPortraitUpsideDown UIInterfaceOrientationLandscapeLeft UIInterfaceOrientationLandscapeRight";
				INFOPLIST_KEY_UISupportedInterfaceOrientations_iPhone = "UIInterfaceOrientationPortrait UIInterfaceOrientationLandscapeLeft UIInterfaceOrientationLandscapeRight";
				LD_RUNPATH_SEARCH_PATHS = (
					"$(inherited)",
					"@executable_path/Frameworks",
				);
				MARKETING_VERSION = 1.0;
				PRODUCT_BUNDLE_IDENTIFIER = "Pratama-Center.Ibox";
				PRODUCT_NAME = "$(TARGET_NAME)";
				SWIFT_EMIT_LOC_STRINGS = YES;
				SWIFT_VERSION = 5.0;
				TARGETED_DEVICE_FAMILY = "1,2";
			};
			name = Release;
		};
/* End XCBuildConfiguration section */

/* Begin XCConfigurationList section */
		4154FD3C2B6C6E62009DD06F /* Build configuration list for PBXProject "Ibox" */ = {
			isa = XCConfigurationList;
			buildConfigurations = (
				4154FD4D2B6C6E64009DD06F /* Debug */,
				4154FD4E2B6C6E64009DD06F /* Release */,
			);
			defaultConfigurationIsVisible = 0;
			defaultConfigurationName = Release;
		};
		4154FD4F2B6C6E64009DD06F /* Build configuration list for PBXNativeTarget "Ibox" */ = {
			isa = XCConfigurationList;
			buildConfigurations = (
				4154FD502B6C6E64009DD06F /* Debug */,
				4154FD512B6C6E64009DD06F /* Release */,
			);
			defaultConfigurationIsVisible = 0;
			defaultConfigurationName = Release;
		};
/* End XCConfigurationList section */
	};
	rootObject = 4154FD392B6C6E62009DD06F /* Project object */;
}
